
Microsoft Visual Studio Solution File, Format Version 12.00
# Visual Studio 15
VisualStudioVersion = 15.0.28307.421
MinimumVisualStudioVersion = 10.0.40219.1
Project("{FAE04EC0-301F-11D3-BF4B-00C04F79EFBC}") = "FragmentTest2", "FragmentTest2\FragmentTest2.csproj", "{FD1C5881-7925-451D-943C-E0797153A366}"
EndProject
Global
	GlobalSection(SolutionConfigurationPlatforms) = preSolution
		Debug|Any CPU = Debug|Any CPU
		Release|Any CPU = Release|Any CPU
	EndGlobalSection
	GlobalSection(ProjectConfigurationPlatforms) = postSolution
		{FD1C5881-7925-451D-943C-E0797153A366}.Debug|Any CPU.ActiveCfg = Debug|Any CPU
		{FD1C5881-7925-451D-943C-E0797153A366}.Debug|Any CPU.Build.0 = Debug|Any CPU
		{FD1C5881-7925-451D-943C-E0797153A366}.Debug|Any CPU.Deploy.0 = Debug|Any CPU
		{FD1C5881-7925-451D-943C-E0797153A366}.Release|Any CPU.ActiveCfg = Release|Any CPU
		{FD1C5881-7925-451D-943C-E0797153A366}.Release|Any CPU.Build.0 = Release|Any CPU
		{FD1C5881-7925-451D-943C-E0797153A366}.Release|Any CPU.Deploy.0 = Release|Any CPU
	EndGlobalSection
	GlobalSection(SolutionProperties) = preSolution
		HideSolutionNode = FALSE
	EndGlobalSection
	GlobalSection(ExtensibilityGlobals) = postSolution
		SolutionGuid = {2F3B3303-93F9-4073-8B67-1199C0E7D302}
	EndGlobalSection
EndGlobal
